// !$*UTF8*$!
{
	archiveVersion = 1;
	classes = {
	};
	objectVersion = 50;
	objects = {

/* Begin PBXBuildFile section */
		D2E8A7F52234793D00C3DE44 /* AppDelegate.swift in Sources */ = {isa = PBXBuildFile; fileRef = D2E8A7F42234793D00C3DE44 /* AppDelegate.swift */; };
		D2E8A7F72234793D00C3DE44 /* ViewController.swift in Sources */ = {isa = PBXBuildFile; fileRef = D2E8A7F62234793D00C3DE44 /* ViewController.swift */; };
		D2E8A7FA2234793D00C3DE44 /* Main.storyboard in Resources */ = {isa = PBXBuildFile; fileRef = D2E8A7F82234793D00C3DE44 /* Main.storyboard */; };
		D2E8A7FD2234793D00C3DE44 /* AEye.xcdatamodeld in Sources */ = {isa = PBXBuildFile; fileRef = D2E8A7FB2234793D00C3DE44 /* AEye.xcdatamodeld */; };
		D2E8A7FF2234794600C3DE44 /* Assets.xcassets in Resources */ = {isa = PBXBuildFile; fileRef = D2E8A7FE2234794600C3DE44 /* Assets.xcassets */; };
		D2E8A8022234794600C3DE44 /* LaunchScreen.storyboard in Resources */ = {isa = PBXBuildFile; fileRef = D2E8A8002234794600C3DE44 /* LaunchScreen.storyboard */; };
		D2E8A80D2234794700C3DE44 /* AEyeTests.swift in Sources */ = {isa = PBXBuildFile; fileRef = D2E8A80C2234794700C3DE44 /* AEyeTests.swift */; };
		D2E8A8182234794700C3DE44 /* AEyeUITests.swift in Sources */ = {isa = PBXBuildFile; fileRef = D2E8A8172234794700C3DE44 /* AEyeUITests.swift */; };
/* End PBXBuildFile section */

/* Begin PBXContainerItemProxy section */
		D2E8A8092234794700C3DE44 /* PBXContainerItemProxy */ = {
			isa = PBXContainerItemProxy;
			containerPortal = D2E8A7E92234793C00C3DE44 /* Project object */;
			proxyType = 1;
			remoteGlobalIDString = D2E8A7F02234793D00C3DE44;
			remoteInfo = AEye;
		};
		D2E8A8142234794700C3DE44 /* PBXContainerItemProxy */ = {
			isa = PBXContainerItemProxy;
			containerPortal = D2E8A7E92234793C00C3DE44 /* Project object */;
			proxyType = 1;
			remoteGlobalIDString = D2E8A7F02234793D00C3DE44;
			remoteInfo = AEye;
		};
/* End PBXContainerItemProxy section */

/* Begin PBXFileReference section */
		D2E8A7F12234793D00C3DE44 /* AEye.app */ = {isa = PBXFileReference; explicitFileType = wrapper.application; includeInIndex = 0; path = AEye.app; sourceTree = BUILT_PRODUCTS_DIR; };
		D2E8A7F42234793D00C3DE44 /* AppDelegate.swift */ = {isa = PBXFileReference; lastKnownFileType = sourcecode.swift; path = AppDelegate.swift; sourceTree = "<group>"; };
		D2E8A7F62234793D00C3DE44 /* ViewController.swift */ = {isa = PBXFileReference; lastKnownFileType = sourcecode.swift; path = ViewController.swift; sourceTree = "<group>"; };
		D2E8A7F92234793D00C3DE44 /* Base */ = {isa = PBXFileReference; lastKnownFileType = file.storyboard; name = Base; path = Base.lproj/Main.storyboard; sourceTree = "<group>"; };
		D2E8A7FC2234793D00C3DE44 /* AEye.xcdatamodel */ = {isa = PBXFileReference; lastKnownFileType = wrapper.xcdatamodel; path = AEye.xcdatamodel; sourceTree = "<group>"; };
		D2E8A7FE2234794600C3DE44 /* Assets.xcassets */ = {isa = PBXFileReference; lastKnownFileType = folder.assetcatalog; path = Assets.xcassets; sourceTree = "<group>"; };
		D2E8A8012234794600C3DE44 /* Base */ = {isa = PBXFileReference; lastKnownFileType = file.storyboard; name = Base; path = Base.lproj/LaunchScreen.storyboard; sourceTree = "<group>"; };
		D2E8A8032234794600C3DE44 /* Info.plist */ = {isa = PBXFileReference; lastKnownFileType = text.plist.xml; path = Info.plist; sourceTree = "<group>"; };
		D2E8A8082234794700C3DE44 /* AEyeTests.xctest */ = {isa = PBXFileReference; explicitFileType = wrapper.cfbundle; includeInIndex = 0; path = AEyeTests.xctest; sourceTree = BUILT_PRODUCTS_DIR; };
		D2E8A80C2234794700C3DE44 /* AEyeTests.swift */ = {isa = PBXFileReference; lastKnownFileType = sourcecode.swift; path = AEyeTests.swift; sourceTree = "<group>"; };
		D2E8A80E2234794700C3DE44 /* Info.plist */ = {isa = PBXFileReference; lastKnownFileType = text.plist.xml; path = Info.plist; sourceTree = "<group>"; };
		D2E8A8132234794700C3DE44 /* AEyeUITests.xctest */ = {isa = PBXFileReference; explicitFileType = wrapper.cfbundle; includeInIndex = 0; path = AEyeUITests.xctest; sourceTree = BUILT_PRODUCTS_DIR; };
		D2E8A8172234794700C3DE44 /* AEyeUITests.swift */ = {isa = PBXFileReference; lastKnownFileType = sourcecode.swift; path = AEyeUITests.swift; sourceTree = "<group>"; };
		D2E8A8192234794700C3DE44 /* Info.plist */ = {isa = PBXFileReference; lastKnownFileType = text.plist.xml; path = Info.plist; sourceTree = "<group>"; };
/* End PBXFileReference section */

/* Begin PBXFrameworksBuildPhase section */
		D2E8A7EE2234793D00C3DE44 /* Frameworks */ = {
			isa = PBXFrameworksBuildPhase;
			buildActionMask = 2147483647;
			files = (
			);
			runOnlyForDeploymentPostprocessing = 0;
		};
		D2E8A8052234794600C3DE44 /* Frameworks */ = {
			isa = PBXFrameworksBuildPhase;
			buildActionMask = 2147483647;
			files = (
			);
			runOnlyForDeploymentPostprocessing = 0;
		};
		D2E8A8102234794700C3DE44 /* Frameworks */ = {
			isa = PBXFrameworksBuildPhase;
			buildActionMask = 2147483647;
			files = (
			);
			runOnlyForDeploymentPostprocessing = 0;
		};
/* End PBXFrameworksBuildPhase section */

/* Begin PBXGroup section */
		D2E8A7E82234793C00C3DE44 = {
			isa = PBXGroup;
			children = (
				D2E8A7F32234793D00C3DE44 /* AEye */,
				D2E8A80B2234794700C3DE44 /* AEyeTests */,
				D2E8A8162234794700C3DE44 /* AEyeUITests */,
				D2E8A7F22234793D00C3DE44 /* Products */,
			);
			sourceTree = "<group>";
		};
		D2E8A7F22234793D00C3DE44 /* Products */ = {
			isa = PBXGroup;
			children = (
				D2E8A7F12234793D00C3DE44 /* AEye.app */,
				D2E8A8082234794700C3DE44 /* AEyeTests.xctest */,
				D2E8A8132234794700C3DE44 /* AEyeUITests.xctest */,
			);
			name = Products;
			sourceTree = "<group>";
		};
		D2E8A7F32234793D00C3DE44 /* AEye */ = {
			isa = PBXGroup;
			children = (
				D2E8A7F42234793D00C3DE44 /* AppDelegate.swift */,
				D2E8A7F62234793D00C3DE44 /* ViewController.swift */,
				D2E8A7F82234793D00C3DE44 /* Main.storyboard */,
				D2E8A7FE2234794600C3DE44 /* Assets.xcassets */,
				D2E8A8002234794600C3DE44 /* LaunchScreen.storyboard */,
				D2E8A8032234794600C3DE44 /* Info.plist */,
				D2E8A7FB2234793D00C3DE44 /* AEye.xcdatamodeld */,
			);
			path = AEye;
			sourceTree = "<group>";
		};
		D2E8A80B2234794700C3DE44 /* AEyeTests */ = {
			isa = PBXGroup;
			children = (
				D2E8A80C2234794700C3DE44 /* AEyeTests.swift */,
				D2E8A80E2234794700C3DE44 /* Info.plist */,
			);
			path = AEyeTests;
			sourceTree = "<group>";
		};
		D2E8A8162234794700C3DE44 /* AEyeUITests */ = {
			isa = PBXGroup;
			children = (
				D2E8A8172234794700C3DE44 /* AEyeUITests.swift */,
				D2E8A8192234794700C3DE44 /* Info.plist */,
			);
			path = AEyeUITests;
			sourceTree = "<group>";
		};
/* End PBXGroup section */

/* Begin PBXNativeTarget section */
		D2E8A7F02234793D00C3DE44 /* AEye */ = {
			isa = PBXNativeTarget;
			buildConfigurationList = D2E8A81C2234794700C3DE44 /* Build configuration list for PBXNativeTarget "AEye" */;
			buildPhases = (
				D2E8A7ED2234793D00C3DE44 /* Sources */,
				D2E8A7EE2234793D00C3DE44 /* Frameworks */,
				D2E8A7EF2234793D00C3DE44 /* Resources */,
			);
			buildRules = (
			);
			dependencies = (
			);
			name = AEye;
			productName = AEye;
			productReference = D2E8A7F12234793D00C3DE44 /* AEye.app */;
			productType = "com.apple.product-type.application";
		};
		D2E8A8072234794600C3DE44 /* AEyeTests */ = {
			isa = PBXNativeTarget;
			buildConfigurationList = D2E8A81F2234794700C3DE44 /* Build configuration list for PBXNativeTarget "AEyeTests" */;
			buildPhases = (
				D2E8A8042234794600C3DE44 /* Sources */,
				D2E8A8052234794600C3DE44 /* Frameworks */,
				D2E8A8062234794600C3DE44 /* Resources */,
			);
			buildRules = (
			);
			dependencies = (
				D2E8A80A2234794700C3DE44 /* PBXTargetDependency */,
			);
			name = AEyeTests;
			productName = AEyeTests;
			productReference = D2E8A8082234794700C3DE44 /* AEyeTests.xctest */;
			productType = "com.apple.product-type.bundle.unit-test";
		};
		D2E8A8122234794700C3DE44 /* AEyeUITests */ = {
			isa = PBXNativeTarget;
			buildConfigurationList = D2E8A8222234794700C3DE44 /* Build configuration list for PBXNativeTarget "AEyeUITests" */;
			buildPhases = (
				D2E8A80F2234794700C3DE44 /* Sources */,
				D2E8A8102234794700C3DE44 /* Frameworks */,
				D2E8A8112234794700C3DE44 /* Resources */,
			);
			buildRules = (
			);
			dependencies = (
				D2E8A8152234794700C3DE44 /* PBXTargetDependency */,
			);
			name = AEyeUITests;
			productName = AEyeUITests;
			productReference = D2E8A8132234794700C3DE44 /* AEyeUITests.xctest */;
			productType = "com.apple.product-type.bundle.ui-testing";
		};
/* End PBXNativeTarget section */

/* Begin PBXProject section */
		D2E8A7E92234793C00C3DE44 /* Project object */ = {
			isa = PBXProject;
			attributes = {
				LastSwiftUpdateCheck = 1000;
				LastUpgradeCheck = 1000;
				ORGANIZATIONNAME = SJ;
				TargetAttributes = {
					D2E8A7F02234793D00C3DE44 = {
						CreatedOnToolsVersion = 10.0;
					};
					D2E8A8072234794600C3DE44 = {
						CreatedOnToolsVersion = 10.0;
						TestTargetID = D2E8A7F02234793D00C3DE44;
					};
					D2E8A8122234794700C3DE44 = {
						CreatedOnToolsVersion = 10.0;
						TestTargetID = D2E8A7F02234793D00C3DE44;
					};
				};
			};
			buildConfigurationList = D2E8A7EC2234793C00C3DE44 /* Build configuration list for PBXProject "AEye" */;
			compatibilityVersion = "Xcode 9.3";
			developmentRegion = en;
			hasScannedForEncodings = 0;
			knownRegions = (
				en,
				Base,
			);
			mainGroup = D2E8A7E82234793C00C3DE44;
			productRefGroup = D2E8A7F22234793D00C3DE44 /* Products */;
			projectDirPath = "";
			projectRoot = "";
			targets = (
				D2E8A7F02234793D00C3DE44 /* AEye */,
				D2E8A8072234794600C3DE44 /* AEyeTests */,
				D2E8A8122234794700C3DE44 /* AEyeUITests */,
			);
		};
/* End PBXProject section */

/* Begin PBXResourcesBuildPhase section */
		D2E8A7EF2234793D00C3DE44 /* Resources */ = {
			isa = PBXResourcesBuildPhase;
			buildActionMask = 2147483647;
			files = (
				D2E8A8022234794600C3DE44 /* LaunchScreen.storyboard in Resources */,
				D2E8A7FF2234794600C3DE44 /* Assets.xcassets in Resources */,
				D2E8A7FA2234793D00C3DE44 /* Main.storyboard in Resources */,
			);
			runOnlyForDeploymentPostprocessing = 0;
		};
		D2E8A8062234794600C3DE44 /* Resources */ = {
			isa = PBXResourcesBuildPhase;
			buildActionMask = 2147483647;
			files = (
			);
			runOnlyForDeploymentPostprocessing = 0;
		};
		D2E8A8112234794700C3DE44 /* Resources */ = {
			isa = PBXResourcesBuildPhase;
			buildActionMask = 2147483647;
			files = (
			);
			runOnlyForDeploymentPostprocessing = 0;
		};
/* End PBXResourcesBuildPhase section */

/* Begin PBXSourcesBuildPhase section */
		D2E8A7ED2234793D00C3DE44 /* Sources */ = {
			isa = PBXSourcesBuildPhase;
			buildActionMask = 2147483647;
			files = (
				D2E8A7F72234793D00C3DE44 /* ViewController.swift in Sources */,
				D2E8A7F52234793D00C3DE44 /* AppDelegate.swift in Sources */,
				D2E8A7FD2234793D00C3DE44 /* AEye.xcdatamodeld in Sources */,
			);
			runOnlyForDeploymentPostprocessing = 0;
		};
		D2E8A8042234794600C3DE44 /* Sources */ = {
			isa = PBXSourcesBuildPhase;
			buildActionMask = 2147483647;
			files = (
				D2E8A80D2234794700C3DE44 /* AEyeTests.swift in Sources */,
			);
			runOnlyForDeploymentPostprocessing = 0;
		};
		D2E8A80F2234794700C3DE44 /* Sources */ = {
			isa = PBXSourcesBuildPhase;
			buildActionMask = 2147483647;
			files = (
				D2E8A8182234794700C3DE44 /* AEyeUITests.swift in Sources */,
			);
			runOnlyForDeploymentPostprocessing = 0;
		};
/* End PBXSourcesBuildPhase section */

/* Begin PBXTargetDependency section */
		D2E8A80A2234794700C3DE44 /* PBXTargetDependency */ = {
			isa = PBXTargetDependency;
			target = D2E8A7F02234793D00C3DE44 /* AEye */;
			targetProxy = D2E8A8092234794700C3DE44 /* PBXContainerItemProxy */;
		};
		D2E8A8152234794700C3DE44 /* PBXTargetDependency */ = {
			isa = PBXTargetDependency;
			target = D2E8A7F02234793D00C3DE44 /* AEye */;
			targetProxy = D2E8A8142234794700C3DE44 /* PBXContainerItemProxy */;
		};
/* End PBXTargetDependency section */

/* Begin PBXVariantGroup section */
		D2E8A7F82234793D00C3DE44 /* Main.storyboard */ = {
			isa = PBXVariantGroup;
			children = (
				D2E8A7F92234793D00C3DE44 /* Base */,
			);
			name = Main.storyboard;
			sourceTree = "<group>";
		};
		D2E8A8002234794600C3DE44 /* LaunchScreen.storyboard */ = {
			isa = PBXVariantGroup;
			children = (
				D2E8A8012234794600C3DE44 /* Base */,
			);
			name = LaunchScreen.storyboard;
			sourceTree = "<group>";
		};
/* End PBXVariantGroup section */

/* Begin XCBuildConfiguration section */
		D2E8A81A2234794700C3DE44 /* Debug */ = {
			isa = XCBuildConfiguration;
			buildSettings = {
				ALWAYS_SEARCH_USER_PATHS = NO;
				CLANG_ANALYZER_NONNULL = YES;
				CLANG_ANALYZER_NUMBER_OBJECT_CONVERSION = YES_AGGRESSIVE;
				CLANG_CXX_LANGUAGE_STANDARD = "gnu++14";
				CLANG_CXX_LIBRARY = "libc++";
				CLANG_ENABLE_MODULES = YES;
				CLANG_ENABLE_OBJC_ARC = YES;
				CLANG_ENABLE_OBJC_WEAK = YES;
				CLANG_WARN_BLOCK_CAPTURE_AUTORELEASING = YES;
				CLANG_WARN_BOOL_CONVERSION = YES;
				CLANG_WARN_COMMA = YES;
				CLANG_WARN_CONSTANT_CONVERSION = YES;
				CLANG_WARN_DEPRECATED_OBJC_IMPLEMENTATIONS = YES;
				CLANG_WARN_DIRECT_OBJC_ISA_USAGE = YES_ERROR;
				CLANG_WARN_DOCUMENTATION_COMMENTS = YES;
				CLANG_WARN_EMPTY_BODY = YES;
				CLANG_WARN_ENUM_CONVERSION = YES;
				CLANG_WARN_INFINITE_RECURSION = YES;
				CLANG_WARN_INT_CONVERSION = YES;
				CLANG_WARN_NON_LITERAL_NULL_CONVERSION = YES;
				CLANG_WARN_OBJC_IMPLICIT_RETAIN_SELF = YES;
				CLANG_WARN_OBJC_LITERAL_CONVERSION = YES;
				CLANG_WARN_OBJC_ROOT_CLASS = YES_ERROR;
				CLANG_WARN_RANGE_LOOP_ANALYSIS = YES;
				CLANG_WARN_STRICT_PROTOTYPES = YES;
				CLANG_WARN_SUSPICIOUS_MOVE = YES;
				CLANG_WARN_UNGUARDED_AVAILABILITY = YES_AGGRESSIVE;
				CLANG_WARN_UNREACHABLE_CODE = YES;
				CLANG_WARN__DUPLICATE_METHOD_MATCH = YES;
				CODE_SIGN_IDENTITY = "iPhone Developer";
				COPY_PHASE_STRIP = NO;
				DEBUG_INFORMATION_FORMAT = dwarf;
				ENABLE_STRICT_OBJC_MSGSEND = YES;
				ENABLE_TESTABILITY = YES;
				GCC_C_LANGUAGE_STANDARD = gnu11;
				GCC_DYNAMIC_NO_PIC = NO;
				GCC_NO_COMMON_BLOCKS = YES;
				GCC_OPTIMIZATION_LEVEL = 0;
				GCC_PREPROCESSOR_DEFINITIONS = (
					"DEBUG=1",
					"$(inherited)",
				);
				GCC_WARN_64_TO_32_BIT_CONVERSION = YES;
				GCC_WARN_ABOUT_RETURN_TYPE = YES_ERROR;
				GCC_WARN_UNDECLARED_SELECTOR = YES;
				GCC_WARN_UNINITIALIZED_AUTOS = YES_AGGRESSIVE;
				GCC_WARN_UNUSED_FUNCTION = YES;
				GCC_WARN_UNUSED_VARIABLE = YES;
				IPHONEOS_DEPLOYMENT_TARGET = 12.0;
				MTL_ENABLE_DEBUG_INFO = INCLUDE_SOURCE;
				MTL_FAST_MATH = YES;
				ONLY_ACTIVE_ARCH = YES;
				SDKROOT = iphoneos;
				SWIFT_ACTIVE_COMPILATION_CONDITIONS = DEBUG;
				SWIFT_OPTIMIZATION_LEVEL = "-Onone";
			};
			name = Debug;
		};
		D2E8A81B2234794700C3DE44 /* Release */ = {
			isa = XCBuildConfiguration;
			buildSettings = {
				ALWAYS_SEARCH_USER_PATHS = NO;
				CLANG_ANALYZER_NONNULL = YES;
				CLANG_ANALYZER_NUMBER_OBJECT_CONVERSION = YES_AGGRESSIVE;
				CLANG_CXX_LANGUAGE_STANDARD = "gnu++14";
				CLANG_CXX_LIBRARY = "libc++";
				CLANG_ENABLE_MODULES = YES;
				CLANG_ENABLE_OBJC_ARC = YES;
				CLANG_ENABLE_OBJC_WEAK = YES;
				CLANG_WARN_BLOCK_CAPTURE_AUTORELEASING = YES;
				CLANG_WARN_BOOL_CONVERSION = YES;
				CLANG_WARN_COMMA = YES;
				CLANG_WARN_CONSTANT_CONVERSION = YES;
				CLANG_WARN_DEPRECATED_OBJC_IMPLEMENTATIONS = YES;
				CLANG_WARN_DIRECT_OBJC_ISA_USAGE = YES_ERROR;
				CLANG_WARN_DOCUMENTATION_COMMENTS = YES;
				CLANG_WARN_EMPTY_BODY = YES;
				CLANG_WARN_ENUM_CONVERSION = YES;
				CLANG_WARN_INFINITE_RECURSION = YES;
				CLANG_WARN_INT_CONVERSION = YES;
				CLANG_WARN_NON_LITERAL_NULL_CONVERSION = YES;
				CLANG_WARN_OBJC_IMPLICIT_RETAIN_SELF = YES;
				CLANG_WARN_OBJC_LITERAL_CONVERSION = YES;
				CLANG_WARN_OBJC_ROOT_CLASS = YES_ERROR;
				CLANG_WARN_RANGE_LOOP_ANALYSIS = YES;
				CLANG_WARN_STRICT_PROTOTYPES = YES;
				CLANG_WARN_SUSPICIOUS_MOVE = YES;
				CLANG_WARN_UNGUARDED_AVAILABILITY = YES_AGGRESSIVE;
				CLANG_WARN_UNREACHABLE_CODE = YES;
				CLANG_WARN__DUPLICATE_METHOD_MATCH = YES;
				CODE_SIGN_IDENTITY = "iPhone Developer";
				COPY_PHASE_STRIP = NO;
				DEBUG_INFORMATION_FORMAT = "dwarf-with-dsym";
				ENABLE_NS_ASSERTIONS = NO;
				ENABLE_STRICT_OBJC_MSGSEND = YES;
				GCC_C_LANGUAGE_STANDARD = gnu11;
				GCC_NO_COMMON_BLOCKS = YES;
				GCC_WARN_64_TO_32_BIT_CONVERSION = YES;
				GCC_WARN_ABOUT_RETURN_TYPE = YES_ERROR;
				GCC_WARN_UNDECLARED_SELECTOR = YES;
				GCC_WARN_UNINITIALIZED_AUTOS = YES_AGGRESSIVE;
				GCC_WARN_UNUSED_FUNCTION = YES;
				GCC_WARN_UNUSED_VARIABLE = YES;
				IPHONEOS_DEPLOYMENT_TARGET = 12.0;
				MTL_ENABLE_DEBUG_INFO = NO;
				MTL_FAST_MATH = YES;
				SDKROOT = iphoneos;
				SWIFT_COMPILATION_MODE = wholemodule;
				SWIFT_OPTIMIZATION_LEVEL = "-O";
				VALIDATE_PRODUCT = YES;
			};
			name = Release;
		};
		D2E8A81D2234794700C3DE44 /* Debug */ = {
			isa = XCBuildConfiguration;
			buildSettings = {
				ASSETCATALOG_COMPILER_APPICON_NAME = AppIcon;
				CODE_SIGN_STYLE = Automatic;
				DEVELOPMENT_TEAM = CLC72TB79Z;
				INFOPLIST_FILE = AEye/Info.plist;
				LD_RUNPATH_SEARCH_PATHS = (
					"$(inherited)",
					"@executable_path/Frameworks",
				);
				PRODUCT_BUNDLE_IDENTIFIER = "tech.shruti-jana.AEye";
				PRODUCT_NAME = "$(TARGET_NAME)";
				SWIFT_VERSION = 4.2;
				TARGETED_DEVICE_FAMILY = "1,2";
			};
			name = Debug;
		};
		D2E8A81E2234794700C3DE44 /* Release */ = {
			isa = XCBuildConfiguration;
			buildSettings = {
				ASSETCATALOG_COMPILER_APPICON_NAME = AppIcon;
				CODE_SIGN_STYLE = Automatic;
				DEVELOPMENT_TEAM = CLC72TB79Z;
				INFOPLIST_FILE = AEye/Info.plist;
				LD_RUNPATH_SEARCH_PATHS = (
					"$(inherited)",
					"@executable_path/Frameworks",
				);
				PRODUCT_BUNDLE_IDENTIFIER = "tech.shruti-jana.AEye";
				PRODUCT_NAME = "$(TARGET_NAME)";
				SWIFT_VERSION = 4.2;
				TARGETED_DEVICE_FAMILY = "1,2";
			};
			name = Release;
		};
		D2E8A8202234794700C3DE44 /* Debug */ = {
			isa = XCBuildConfiguration;
			buildSettings = {
				ALWAYS_EMBED_SWIFT_STANDARD_LIBRARIES = YES;
				BUNDLE_LOADER = "$(TEST_HOST)";
				CODE_SIGN_STYLE = Automatic;
				INFOPLIST_FILE = AEyeTests/Info.plist;
				LD_RUNPATH_SEARCH_PATHS = (
					"$(inherited)",
					"@executable_path/Frameworks",
					"@loader_path/Frameworks",
				);
				PRODUCT_BUNDLE_IDENTIFIER = "tech.shruti-jana.AEyeTests";
				PRODUCT_NAME = "$(TARGET_NAME)";
				SWIFT_VERSION = 4.2;
				TARGETED_DEVICE_FAMILY = "1,2";
				TEST_HOST = "$(BUILT_PRODUCTS_DIR)/AEye.app/AEye";
			};
			name = Debug;
		};
		D2E8A8212234794700C3DE44 /* Release */ = {
			isa = XCBuildConfiguration;
			buildSettings = {
				ALWAYS_EMBED_SWIFT_STANDARD_LIBRARIES = YES;
				BUNDLE_LOADER = "$(TEST_HOST)";
				CODE_SIGN_STYLE = Automatic;
				INFOPLIST_FILE = AEyeTests/Info.plist;
				LD_RUNPATH_SEARCH_PATHS = (
					"$(inherited)",
					"@executable_path/Frameworks",
					"@loader_path/Frameworks",
				);
				PRODUCT_BUNDLE_IDENTIFIER = "tech.shruti-jana.AEyeTests";
				PRODUCT_NAME = "$(TARGET_NAME)";
				SWIFT_VERSION = 4.2;
				TARGETED_DEVICE_FAMILY = "1,2";
				TEST_HOST = "$(BUILT_PRODUCTS_DIR)/AEye.app/AEye";
			};
			name = Release;
		};
		D2E8A8232234794700C3DE44 /* Debug */ = {
			isa = XCBuildConfiguration;
			buildSettings = {
				ALWAYS_EMBED_SWIFT_STANDARD_LIBRARIES = YES;
				CODE_SIGN_STYLE = Automatic;
				INFOPLIST_FILE = AEyeUITests/Info.plist;
				LD_RUNPATH_SEARCH_PATHS = (
					"$(inherited)",
					"@executable_path/Frameworks",
					"@loader_path/Frameworks",
				);
				PRODUCT_BUNDLE_IDENTIFIER = "tech.shruti-jana.AEyeUITests";
				PRODUCT_NAME = "$(TARGET_NAME)";
				SWIFT_VERSION = 4.2;
				TARGETED_DEVICE_FAMILY = "1,2";
				TEST_TARGET_NAME = AEye;
			};
			name = Debug;
		};
		D2E8A8242234794700C3DE44 /* Release */ = {
			isa = XCBuildConfiguration;
			buildSettings = {
				ALWAYS_EMBED_SWIFT_STANDARD_LIBRARIES = YES;
				CODE_SIGN_STYLE = Automatic;
				INFOPLIST_FILE = AEyeUITests/Info.plist;
				LD_RUNPATH_SEARCH_PATHS = (
					"$(inherited)",
					"@executable_path/Frameworks",
					"@loader_path/Frameworks",
				);
				PRODUCT_BUNDLE_IDENTIFIER = "tech.shruti-jana.AEyeUITests";
				PRODUCT_NAME = "$(TARGET_NAME)";
				SWIFT_VERSION = 4.2;
				TARGETED_DEVICE_FAMILY = "1,2";
				TEST_TARGET_NAME = AEye;
			};
			name = Release;
		};
/* End XCBuildConfiguration section */

/* Begin XCConfigurationList section */
		D2E8A7EC2234793C00C3DE44 /* Build configuration list for PBXProject "AEye" */ = {
			isa = XCConfigurationList;
			buildConfigurations = (
				D2E8A81A2234794700C3DE44 /* Debug */,
				D2E8A81B2234794700C3DE44 /* Release */,
			);
			defaultConfigurationIsVisible = 0;
			defaultConfigurationName = Release;
		};
		D2E8A81C2234794700C3DE44 /* Build configuration list for PBXNativeTarget "AEye" */ = {
			isa = XCConfigurationList;
			buildConfigurations = (
				D2E8A81D2234794700C3DE44 /* Debug */,
				D2E8A81E2234794700C3DE44 /* Release */,
			);
			defaultConfigurationIsVisible = 0;
			defaultConfigurationName = Release;
		};
		D2E8A81F2234794700C3DE44 /* Build configuration list for PBXNativeTarget "AEyeTests" */ = {
			isa = XCConfigurationList;
			buildConfigurations = (
				D2E8A8202234794700C3DE44 /* Debug */,
				D2E8A8212234794700C3DE44 /* Release */,
			);
			defaultConfigurationIsVisible = 0;
			defaultConfigurationName = Release;
		};
		D2E8A8222234794700C3DE44 /* Build configuration list for PBXNativeTarget "AEyeUITests" */ = {
			isa = XCConfigurationList;
			buildConfigurations = (
				D2E8A8232234794700C3DE44 /* Debug */,
				D2E8A8242234794700C3DE44 /* Release */,
			);
			defaultConfigurationIsVisible = 0;
			defaultConfigurationName = Release;
		};
/* End XCConfigurationList section */

/* Begin XCVersionGroup section */
		D2E8A7FB2234793D00C3DE44 /* AEye.xcdatamodeld */ = {
			isa = XCVersionGroup;
			children = (
				D2E8A7FC2234793D00C3DE44 /* AEye.xcdatamodel */,
			);
			currentVersion = D2E8A7FC2234793D00C3DE44 /* AEye.xcdatamodel */;
			path = AEye.xcdatamodeld;
			sourceTree = "<group>";
			versionGroupType = wrapper.xcdatamodel;
		};
/* End XCVersionGroup section */
	};
	rootObject = D2E8A7E92234793C00C3DE44 /* Project object */;
}
